
Microsoft Visual Studio Solution File, Format Version 12.00
# Visual Studio Version 17
VisualStudioVersion = 17.7.34202.233
MinimumVisualStudioVersion = 10.0.40219.1
Project("{FAE04EC0-301F-11D3-BF4B-00C04F79EFBC}") = "Exam-back", "Exam-back\Exam-back.csproj", "{C4554AF2-6920-4AAE-9AD9-8D131003FB8E}"
EndProject
Global
	GlobalSection(SolutionConfigurationPlatforms) = preSolution
		Debug|Any CPU = Debug|Any CPU
		Release|Any CPU = Release|Any CPU
	EndGlobalSection
	GlobalSection(ProjectConfigurationPlatforms) = postSolution
		{C4554AF2-6920-4AAE-9AD9-8D131003FB8E}.Debug|Any CPU.ActiveCfg = Debug|Any CPU
		{C4554AF2-6920-4AAE-9AD9-8D131003FB8E}.Debug|Any CPU.Build.0 = Debug|Any CPU
		{C4554AF2-6920-4AAE-9AD9-8D131003FB8E}.Release|Any CPU.ActiveCfg = Release|Any CPU
		{C4554AF2-6920-4AAE-9AD9-8D131003FB8E}.Release|Any CPU.Build.0 = Release|Any CPU
	EndGlobalSection
	GlobalSection(SolutionProperties) = preSolution
		HideSolutionNode = FALSE
	EndGlobalSection
	GlobalSection(ExtensibilityGlobals) = postSolution
		SolutionGuid = {96FF1C8F-2D37-4976-B477-BDECD5278D00}
	EndGlobalSection
EndGlobal
